
Microsoft Visual Studio Solution File, Format Version 12.00
# Visual Studio Version 16
VisualStudioVersion = 16.0.28729.10
MinimumVisualStudioVersion = 10.0.40219.1
Project("{9A19103F-16F7-4668-BE54-9A1E7A4F7556}") = "MiniCRM.Shared", "MiniCRM.Shared\MiniCRM.Shared.csproj", "{BB7F668D-93C5-4D3B-9CF5-186AD063BAD7}"
EndProject
Project("{9A19103F-16F7-4668-BE54-9A1E7A4F7556}") = "MiniCRM.Server", "MiniCRM.Server\MiniCRM.Server.csproj", "{2B288BD2-D77E-42D1-8579-2F6F9B5D4C8B}"
EndProject
Project("{9A19103F-16F7-4668-BE54-9A1E7A4F7556}") = "MiniCRM.Core", "MiniCRM.Core\MiniCRM.Core.csproj", "{0BE2BAB5-A4BF-4D78-962E-24880DE17DF1}"
EndProject
Project("{FAE04EC0-301F-11D3-BF4B-00C04F79EFBC}") = "MiniCRM.UWP", "MiniCRM.UWP\MiniCRM.UWP.csproj", "{3788AB57-97D1-44E5-ABA1-364577824B3A}"
EndProject
Project("{FAE04EC0-301F-11D3-BF4B-00C04F79EFBC}") = "MiniCRM.Server.DataAccess", "MiniCRM.Server.DataAccess\MiniCRM.Server.DataAccess.csproj", "{999656A3-25B8-4DD5-BF81-55E508D0BEB1}"
EndProject
Global
	GlobalSection(SolutionConfigurationPlatforms) = preSolution
		Debug|Any CPU = Debug|Any CPU
		Debug|ARM = Debug|ARM
		Debug|ARM64 = Debug|ARM64
		Debug|x64 = Debug|x64
		Debug|x86 = Debug|x86
		Release|Any CPU = Release|Any CPU
		Release|ARM = Release|ARM
		Release|ARM64 = Release|ARM64
		Release|x64 = Release|x64
		Release|x86 = Release|x86
	EndGlobalSection
	GlobalSection(ProjectConfigurationPlatforms) = postSolution
		{BB7F668D-93C5-4D3B-9CF5-186AD063BAD7}.Debug|Any CPU.ActiveCfg = Debug|Any CPU
		{BB7F668D-93C5-4D3B-9CF5-186AD063BAD7}.Debug|Any CPU.Build.0 = Debug|Any CPU
		{BB7F668D-93C5-4D3B-9CF5-186AD063BAD7}.Debug|ARM.ActiveCfg = Debug|Any CPU
		{BB7F668D-93C5-4D3B-9CF5-186AD063BAD7}.Debug|ARM.Build.0 = Debug|Any CPU
		{BB7F668D-93C5-4D3B-9CF5-186AD063BAD7}.Debug|ARM64.ActiveCfg = Debug|Any CPU
		{BB7F668D-93C5-4D3B-9CF5-186AD063BAD7}.Debug|ARM64.Build.0 = Debug|Any CPU
		{BB7F668D-93C5-4D3B-9CF5-186AD063BAD7}.Debug|x64.ActiveCfg = Debug|Any CPU
		{BB7F668D-93C5-4D3B-9CF5-186AD063BAD7}.Debug|x64.Build.0 = Debug|Any CPU
		{BB7F668D-93C5-4D3B-9CF5-186AD063BAD7}.Debug|x86.ActiveCfg = Debug|Any CPU
		{BB7F668D-93C5-4D3B-9CF5-186AD063BAD7}.Debug|x86.Build.0 = Debug|Any CPU
		{BB7F668D-93C5-4D3B-9CF5-186AD063BAD7}.Release|Any CPU.ActiveCfg = Release|Any CPU
		{BB7F668D-93C5-4D3B-9CF5-186AD063BAD7}.Release|Any CPU.Build.0 = Release|Any CPU
		{BB7F668D-93C5-4D3B-9CF5-186AD063BAD7}.Release|ARM.ActiveCfg = Release|Any CPU
		{BB7F668D-93C5-4D3B-9CF5-186AD063BAD7}.Release|ARM.Build.0 = Release|Any CPU
		{BB7F668D-93C5-4D3B-9CF5-186AD063BAD7}.Release|ARM64.ActiveCfg = Release|Any CPU
		{BB7F668D-93C5-4D3B-9CF5-186AD063BAD7}.Release|ARM64.Build.0 = Release|Any CPU
		{BB7F668D-93C5-4D3B-9CF5-186AD063BAD7}.Release|x64.ActiveCfg = Release|Any CPU
		{BB7F668D-93C5-4D3B-9CF5-186AD063BAD7}.Release|x64.Build.0 = Release|Any CPU
		{BB7F668D-93C5-4D3B-9CF5-186AD063BAD7}.Release|x86.ActiveCfg = Release|Any CPU
		{BB7F668D-93C5-4D3B-9CF5-186AD063BAD7}.Release|x86.Build.0 = Release|Any CPU
		{2B288BD2-D77E-42D1-8579-2F6F9B5D4C8B}.Debug|Any CPU.ActiveCfg = Debug|Any CPU
		{2B288BD2-D77E-42D1-8579-2F6F9B5D4C8B}.Debug|Any CPU.Build.0 = Debug|Any CPU
		{2B288BD2-D77E-42D1-8579-2F6F9B5D4C8B}.Debug|ARM.ActiveCfg = Debug|Any CPU
		{2B288BD2-D77E-42D1-8579-2F6F9B5D4C8B}.Debug|ARM.Build.0 = Debug|Any CPU
		{2B288BD2-D77E-42D1-8579-2F6F9B5D4C8B}.Debug|ARM64.ActiveCfg = Debug|Any CPU
		{2B288BD2-D77E-42D1-8579-2F6F9B5D4C8B}.Debug|ARM64.Build.0 = Debug|Any CPU
		{2B288BD2-D77E-42D1-8579-2F6F9B5D4C8B}.Debug|x64.ActiveCfg = Debug|Any CPU
		{2B288BD2-D77E-42D1-8579-2F6F9B5D4C8B}.Debug|x64.Build.0 = Debug|Any CPU
		{2B288BD2-D77E-42D1-8579-2F6F9B5D4C8B}.Debug|x86.ActiveCfg = Debug|Any CPU
		{2B288BD2-D77E-42D1-8579-2F6F9B5D4C8B}.Debug|x86.Build.0 = Debug|Any CPU
		{2B288BD2-D77E-42D1-8579-2F6F9B5D4C8B}.Release|Any CPU.ActiveCfg = Release|Any CPU
		{2B288BD2-D77E-42D1-8579-2F6F9B5D4C8B}.Release|Any CPU.Build.0 = Release|Any CPU
		{2B288BD2-D77E-42D1-8579-2F6F9B5D4C8B}.Release|ARM.ActiveCfg = Release|Any CPU
		{2B288BD2-D77E-42D1-8579-2F6F9B5D4C8B}.Release|ARM.Build.0 = Release|Any CPU
		{2B288BD2-D77E-42D1-8579-2F6F9B5D4C8B}.Release|ARM64.ActiveCfg = Release|Any CPU
		{2B288BD2-D77E-42D1-8579-2F6F9B5D4C8B}.Release|ARM64.Build.0 = Release|Any CPU
		{2B288BD2-D77E-42D1-8579-2F6F9B5D4C8B}.Release|x64.ActiveCfg = Release|Any CPU
		{2B288BD2-D77E-42D1-8579-2F6F9B5D4C8B}.Release|x64.Build.0 = Release|Any CPU
		{2B288BD2-D77E-42D1-8579-2F6F9B5D4C8B}.Release|x86.ActiveCfg = Release|Any CPU
		{2B288BD2-D77E-42D1-8579-2F6F9B5D4C8B}.Release|x86.Build.0 = Release|Any CPU
		{0BE2BAB5-A4BF-4D78-962E-24880DE17DF1}.Debug|Any CPU.ActiveCfg = Debug|Any CPU
		{0BE2BAB5-A4BF-4D78-962E-24880DE17DF1}.Debug|Any CPU.Build.0 = Debug|Any CPU
		{0BE2BAB5-A4BF-4D78-962E-24880DE17DF1}.Debug|ARM.ActiveCfg = Debug|Any CPU
		{0BE2BAB5-A4BF-4D78-962E-24880DE17DF1}.Debug|ARM.Build.0 = Debug|Any CPU
		{0BE2BAB5-A4BF-4D78-962E-24880DE17DF1}.Debug|ARM64.ActiveCfg = Debug|Any CPU
		{0BE2BAB5-A4BF-4D78-962E-24880DE17DF1}.Debug|ARM64.Build.0 = Debug|Any CPU
		{0BE2BAB5-A4BF-4D78-962E-24880DE17DF1}.Debug|x64.ActiveCfg = Debug|Any CPU
		{0BE2BAB5-A4BF-4D78-962E-24880DE17DF1}.Debug|x64.Build.0 = Debug|Any CPU
		{0BE2BAB5-A4BF-4D78-962E-24880DE17DF1}.Debug|x86.ActiveCfg = Debug|Any CPU
		{0BE2BAB5-A4BF-4D78-962E-24880DE17DF1}.Debug|x86.Build.0 = Debug|Any CPU
		{0BE2BAB5-A4BF-4D78-962E-24880DE17DF1}.Release|Any CPU.ActiveCfg = Release|Any CPU
		{0BE2BAB5-A4BF-4D78-962E-24880DE17DF1}.Release|Any CPU.Build.0 = Release|Any CPU
		{0BE2BAB5-A4BF-4D78-962E-24880DE17DF1}.Release|ARM.ActiveCfg = Release|Any CPU
		{0BE2BAB5-A4BF-4D78-962E-24880DE17DF1}.Release|ARM.Build.0 = Release|Any CPU
		{0BE2BAB5-A4BF-4D78-962E-24880DE17DF1}.Release|ARM64.ActiveCfg = Release|Any CPU
		{0BE2BAB5-A4BF-4D78-962E-24880DE17DF1}.Release|ARM64.Build.0 = Release|Any CPU
		{0BE2BAB5-A4BF-4D78-962E-24880DE17DF1}.Release|x64.ActiveCfg = Release|Any CPU
		{0BE2BAB5-A4BF-4D78-962E-24880DE17DF1}.Release|x64.Build.0 = Release|Any CPU
		{0BE2BAB5-A4BF-4D78-962E-24880DE17DF1}.Release|x86.ActiveCfg = Release|Any CPU
		{0BE2BAB5-A4BF-4D78-962E-24880DE17DF1}.Release|x86.Build.0 = Release|Any CPU
		{3788AB57-97D1-44E5-ABA1-364577824B3A}.Debug|Any CPU.ActiveCfg = Debug|x86
		{3788AB57-97D1-44E5-ABA1-364577824B3A}.Debug|Any CPU.Build.0 = Debug|x86
		{3788AB57-97D1-44E5-ABA1-364577824B3A}.Debug|Any CPU.Deploy.0 = Debug|x86
		{3788AB57-97D1-44E5-ABA1-364577824B3A}.Debug|ARM.ActiveCfg = Debug|ARM
		{3788AB57-97D1-44E5-ABA1-364577824B3A}.Debug|ARM.Build.0 = Debug|ARM
		{3788AB57-97D1-44E5-ABA1-364577824B3A}.Debug|ARM.Deploy.0 = Debug|ARM
		{3788AB57-97D1-44E5-ABA1-364577824B3A}.Debug|ARM64.ActiveCfg = Debug|ARM64
		{3788AB57-97D1-44E5-ABA1-364577824B3A}.Debug|ARM64.Build.0 = Debug|ARM64
		{3788AB57-97D1-44E5-ABA1-364577824B3A}.Debug|ARM64.Deploy.0 = Debug|ARM64
		{3788AB57-97D1-44E5-ABA1-364577824B3A}.Debug|x64.ActiveCfg = Debug|x64
		{3788AB57-97D1-44E5-ABA1-364577824B3A}.Debug|x64.Build.0 = Debug|x64
		{3788AB57-97D1-44E5-ABA1-364577824B3A}.Debug|x64.Deploy.0 = Debug|x64
		{3788AB57-97D1-44E5-ABA1-364577824B3A}.Debug|x86.ActiveCfg = Debug|x86
		{3788AB57-97D1-44E5-ABA1-364577824B3A}.Debug|x86.Build.0 = Debug|x86
		{3788AB57-97D1-44E5-ABA1-364577824B3A}.Debug|x86.Deploy.0 = Debug|x86
		{3788AB57-97D1-44E5-ABA1-364577824B3A}.Release|Any CPU.ActiveCfg = Release|x86
		{3788AB57-97D1-44E5-ABA1-364577824B3A}.Release|ARM.ActiveCfg = Release|ARM
		{3788AB57-97D1-44E5-ABA1-364577824B3A}.Release|ARM.Build.0 = Release|ARM
		{3788AB57-97D1-44E5-ABA1-364577824B3A}.Release|ARM.Deploy.0 = Release|ARM
		{3788AB57-97D1-44E5-ABA1-364577824B3A}.Release|ARM64.ActiveCfg = Release|ARM64
		{3788AB57-97D1-44E5-ABA1-364577824B3A}.Release|ARM64.Build.0 = Release|ARM64
		{3788AB57-97D1-44E5-ABA1-364577824B3A}.Release|ARM64.Deploy.0 = Release|ARM64
		{3788AB57-97D1-44E5-ABA1-364577824B3A}.Release|x64.ActiveCfg = Release|x64
		{3788AB57-97D1-44E5-ABA1-364577824B3A}.Release|x64.Build.0 = Release|x64
		{3788AB57-97D1-44E5-ABA1-364577824B3A}.Release|x64.Deploy.0 = Release|x64
		{3788AB57-97D1-44E5-ABA1-364577824B3A}.Release|x86.ActiveCfg = Release|x86
		{3788AB57-97D1-44E5-ABA1-364577824B3A}.Release|x86.Build.0 = Release|x86
		{3788AB57-97D1-44E5-ABA1-364577824B3A}.Release|x86.Deploy.0 = Release|x86
		{999656A3-25B8-4DD5-BF81-55E508D0BEB1}.Debug|Any CPU.ActiveCfg = Debug|Any CPU
		{999656A3-25B8-4DD5-BF81-55E508D0BEB1}.Debug|Any CPU.Build.0 = Debug|Any CPU
		{999656A3-25B8-4DD5-BF81-55E508D0BEB1}.Debug|ARM.ActiveCfg = Debug|Any CPU
		{999656A3-25B8-4DD5-BF81-55E508D0BEB1}.Debug|ARM.Build.0 = Debug|Any CPU
		{999656A3-25B8-4DD5-BF81-55E508D0BEB1}.Debug|ARM64.ActiveCfg = Debug|Any CPU
		{999656A3-25B8-4DD5-BF81-55E508D0BEB1}.Debug|ARM64.Build.0 = Debug|Any CPU
		{999656A3-25B8-4DD5-BF81-55E508D0BEB1}.Debug|x64.ActiveCfg = Debug|Any CPU
		{999656A3-25B8-4DD5-BF81-55E508D0BEB1}.Debug|x64.Build.0 = Debug|Any CPU
		{999656A3-25B8-4DD5-BF81-55E508D0BEB1}.Debug|x86.ActiveCfg = Debug|Any CPU
		{999656A3-25B8-4DD5-BF81-55E508D0BEB1}.Debug|x86.Build.0 = Debug|Any CPU
		{999656A3-25B8-4DD5-BF81-55E508D0BEB1}.Release|Any CPU.ActiveCfg = Release|Any CPU
		{999656A3-25B8-4DD5-BF81-55E508D0BEB1}.Release|Any CPU.Build.0 = Release|Any CPU
		{999656A3-25B8-4DD5-BF81-55E508D0BEB1}.Release|ARM.ActiveCfg = Release|Any CPU
		{999656A3-25B8-4DD5-BF81-55E508D0BEB1}.Release|ARM.Build.0 = Release|Any CPU
		{999656A3-25B8-4DD5-BF81-55E508D0BEB1}.Release|ARM64.ActiveCfg = Release|Any CPU
		{999656A3-25B8-4DD5-BF81-55E508D0BEB1}.Release|ARM64.Build.0 = Release|Any CPU
		{999656A3-25B8-4DD5-BF81-55E508D0BEB1}.Release|x64.ActiveCfg = Release|Any CPU
		{999656A3-25B8-4DD5-BF81-55E508D0BEB1}.Release|x64.Build.0 = Release|Any CPU
		{999656A3-25B8-4DD5-BF81-55E508D0BEB1}.Release|x86.ActiveCfg = Release|Any CPU
		{999656A3-25B8-4DD5-BF81-55E508D0BEB1}.Release|x86.Build.0 = Release|Any CPU
	EndGlobalSection
	GlobalSection(SolutionProperties) = preSolution
		HideSolutionNode = FALSE
	EndGlobalSection
	GlobalSection(ExtensibilityGlobals) = postSolution
		SolutionGuid = {FEBF2106-C342-4F6C-A261-6FC6DC113A90}
	EndGlobalSection
EndGlobal
